// !$*UTF8*$!
{
	archiveVersion = 1;
	classes = {
	};
	objectVersion = 50;
	objects = {

/* Begin PBXBuildFile section */
		2C71033B24CA748300F36009 /* AppDelegate.swift in Sources */ = {isa = PBXBuildFile; fileRef = 2C71033A24CA748300F36009 /* AppDelegate.swift */; };
		2C71033D24CA748300F36009 /* SceneDelegate.swift in Sources */ = {isa = PBXBuildFile; fileRef = 2C71033C24CA748300F36009 /* SceneDelegate.swift */; };
		2C71033F24CA748300F36009 /* ContentView.swift in Sources */ = {isa = PBXBuildFile; fileRef = 2C71033E24CA748300F36009 /* ContentView.swift */; };
		2C71034124CA748700F36009 /* Assets.xcassets in Resources */ = {isa = PBXBuildFile; fileRef = 2C71034024CA748700F36009 /* Assets.xcassets */; };
		2C71034424CA748700F36009 /* Preview Assets.xcassets in Resources */ = {isa = PBXBuildFile; fileRef = 2C71034324CA748700F36009 /* Preview Assets.xcassets */; };
		2C71034724CA748700F36009 /* LaunchScreen.storyboard in Resources */ = {isa = PBXBuildFile; fileRef = 2C71034524CA748700F36009 /* LaunchScreen.storyboard */; };
/* End PBXBuildFile section */

/* Begin PBXFileReference section */
		2C71033724CA748300F36009 /* EmojiArt.app */ = {isa = PBXFileReference; explicitFileType = wrapper.application; includeInIndex = 0; path = EmojiArt.app; sourceTree = BUILT_PRODUCTS_DIR; };
		2C71033A24CA748300F36009 /* AppDelegate.swift */ = {isa = PBXFileReference; lastKnownFileType = sourcecode.swift; path = AppDelegate.swift; sourceTree = "<group>"; };
		2C71033C24CA748300F36009 /* SceneDelegate.swift */ = {isa = PBXFileReference; lastKnownFileType = sourcecode.swift; path = SceneDelegate.swift; sourceTree = "<group>"; };
		2C71033E24CA748300F36009 /* ContentView.swift */ = {isa = PBXFileReference; lastKnownFileType = sourcecode.swift; path = ContentView.swift; sourceTree = "<group>"; };
		2C71034024CA748700F36009 /* Assets.xcassets */ = {isa = PBXFileReference; lastKnownFileType = folder.assetcatalog; path = Assets.xcassets; sourceTree = "<group>"; };
		2C71034324CA748700F36009 /* Preview Assets.xcassets */ = {isa = PBXFileReference; lastKnownFileType = folder.assetcatalog; path = "Preview Assets.xcassets"; sourceTree = "<group>"; };
		2C71034624CA748700F36009 /* Base */ = {isa = PBXFileReference; lastKnownFileType = file.storyboard; name = Base; path = Base.lproj/LaunchScreen.storyboard; sourceTree = "<group>"; };
		2C71034824CA748700F36009 /* Info.plist */ = {isa = PBXFileReference; lastKnownFileType = text.plist.xml; path = Info.plist; sourceTree = "<group>"; };
/* End PBXFileReference section */

/* Begin PBXFrameworksBuildPhase section */
		2C71033424CA748200F36009 /* Frameworks */ = {
			isa = PBXFrameworksBuildPhase;
			buildActionMask = 2147483647;
			files = (
			);
			runOnlyForDeploymentPostprocessing = 0;
		};
/* End PBXFrameworksBuildPhase section */

/* Begin PBXGroup section */
		2C71032E24CA748200F36009 = {
			isa = PBXGroup;
			children = (
				2C71033924CA748300F36009 /* EmojiArt */,
				2C71033824CA748300F36009 /* Products */,
			);
			sourceTree = "<group>";
		};
		2C71033824CA748300F36009 /* Products */ = {
			isa = PBXGroup;
			children = (
				2C71033724CA748300F36009 /* EmojiArt.app */,
			);
			name = Products;
			sourceTree = "<group>";
		};
		2C71033924CA748300F36009 /* EmojiArt */ = {
			isa = PBXGroup;
			children = (
				2C71033A24CA748300F36009 /* AppDelegate.swift */,
				2C71033C24CA748300F36009 /* SceneDelegate.swift */,
				2C71033E24CA748300F36009 /* ContentView.swift */,
				2C71034024CA748700F36009 /* Assets.xcassets */,
				2C71034524CA748700F36009 /* LaunchScreen.storyboard */,
				2C71034824CA748700F36009 /* Info.plist */,
				2C71034224CA748700F36009 /* Preview Content */,
			);
			path = EmojiArt;
			sourceTree = "<group>";
		};
		2C71034224CA748700F36009 /* Preview Content */ = {
			isa = PBXGroup;
			children = (
				2C71034324CA748700F36009 /* Preview Assets.xcassets */,
			);
			path = "Preview Content";
			sourceTree = "<group>";
		};
/* End PBXGroup section */

/* Begin PBXNativeTarget section */
		2C71033624CA748200F36009 /* EmojiArt */ = {
			isa = PBXNativeTarget;
			buildConfigurationList = 2C71034B24CA748700F36009 /* Build configuration list for PBXNativeTarget "EmojiArt" */;
			buildPhases = (
				2C71033324CA748200F36009 /* Sources */,
				2C71033424CA748200F36009 /* Frameworks */,
				2C71033524CA748200F36009 /* Resources */,
			);
			buildRules = (
			);
			dependencies = (
			);
			name = EmojiArt;
			productName = EmojiArt;
			productReference = 2C71033724CA748300F36009 /* EmojiArt.app */;
			productType = "com.apple.product-type.application";
		};
/* End PBXNativeTarget section */

/* Begin PBXProject section */
		2C71032F24CA748200F36009 /* Project object */ = {
			isa = PBXProject;
			attributes = {
				LastSwiftUpdateCheck = 1160;
				LastUpgradeCheck = 1160;
				ORGANIZATIONNAME = "Marcus Adriano";
				TargetAttributes = {
					2C71033624CA748200F36009 = {
						CreatedOnToolsVersion = 11.6;
					};
				};
			};
			buildConfigurationList = 2C71033224CA748200F36009 /* Build configuration list for PBXProject "EmojiArt" */;
			compatibilityVersion = "Xcode 9.3";
			developmentRegion = en;
			hasScannedForEncodings = 0;
			knownRegions = (
				en,
				Base,
			);
			mainGroup = 2C71032E24CA748200F36009;
			productRefGroup = 2C71033824CA748300F36009 /* Products */;
			projectDirPath = "";
			projectRoot = "";
			targets = (
				2C71033624CA748200F36009 /* EmojiArt */,
			);
		};
/* End PBXProject section */

/* Begin PBXResourcesBuildPhase section */
		2C71033524CA748200F36009 /* Resources */ = {
			isa = PBXResourcesBuildPhase;
			buildActionMask = 2147483647;
			files = (
				2C71034724CA748700F36009 /* LaunchScreen.storyboard in Resources */,
				2C71034424CA748700F36009 /* Preview Assets.xcassets in Resources */,
				2C71034124CA748700F36009 /* Assets.xcassets in Resources */,
			);
			runOnlyForDeploymentPostprocessing = 0;
		};
/* End PBXResourcesBuildPhase section */

/* Begin PBXSourcesBuildPhase section */
		2C71033324CA748200F36009 /* Sources */ = {
			isa = PBXSourcesBuildPhase;
			buildActionMask = 2147483647;
			files = (
				2C71033B24CA748300F36009 /* AppDelegate.swift in Sources */,
				2C71033D24CA748300F36009 /* SceneDelegate.swift in Sources */,
				2C71033F24CA748300F36009 /* ContentView.swift in Sources */,
			);
			runOnlyForDeploymentPostprocessing = 0;
		};
/* End PBXSourcesBuildPhase section */

/* Begin PBXVariantGroup section */
		2C71034524CA748700F36009 /* LaunchScreen.storyboard */ = {
			isa = PBXVariantGroup;
			children = (
				2C71034624CA748700F36009 /* Base */,
			);
			name = LaunchScreen.storyboard;
			sourceTree = "<group>";
		};
/* End PBXVariantGroup section */

/* Begin XCBuildConfiguration section */
		2C71034924CA748700F36009 /* Debug */ = {
			isa = XCBuildConfiguration;
			buildSettings = {
				ALWAYS_SEARCH_USER_PATHS = NO;
				CLANG_ANALYZER_NONNULL = YES;
				CLANG_ANALYZER_NUMBER_OBJECT_CONVERSION = YES_AGGRESSIVE;
				CLANG_CXX_LANGUAGE_STANDARD = "gnu++14";
				CLANG_CXX_LIBRARY = "libc++";
				CLANG_ENABLE_MODULES = YES;
				CLANG_ENABLE_OBJC_ARC = YES;
				CLANG_ENABLE_OBJC_WEAK = YES;
				CLANG_WARN_BLOCK_CAPTURE_AUTORELEASING = YES;
				CLANG_WARN_BOOL_CONVERSION = YES;
				CLANG_WARN_COMMA = YES;
				CLANG_WARN_CONSTANT_CONVERSION = YES;
				CLANG_WARN_DEPRECATED_OBJC_IMPLEMENTATIONS = YES;
				CLANG_WARN_DIRECT_OBJC_ISA_USAGE = YES_ERROR;
				CLANG_WARN_DOCUMENTATION_COMMENTS = YES;
				CLANG_WARN_EMPTY_BODY = YES;
				CLANG_WARN_ENUM_CONVERSION = YES;
				CLANG_WARN_INFINITE_RECURSION = YES;
				CLANG_WARN_INT_CONVERSION = YES;
				CLANG_WARN_NON_LITERAL_NULL_CONVERSION = YES;
				CLANG_WARN_OBJC_IMPLICIT_RETAIN_SELF = YES;
				CLANG_WARN_OBJC_LITERAL_CONVERSION = YES;
				CLANG_WARN_OBJC_ROOT_CLASS = YES_ERROR;
				CLANG_WARN_RANGE_LOOP_ANALYSIS = YES;
				CLANG_WARN_STRICT_PROTOTYPES = YES;
				CLANG_WARN_SUSPICIOUS_MOVE = YES;
				CLANG_WARN_UNGUARDED_AVAILABILITY = YES_AGGRESSIVE;
				CLANG_WARN_UNREACHABLE_CODE = YES;
				CLANG_WARN__DUPLICATE_METHOD_MATCH = YES;
				COPY_PHASE_STRIP = NO;
				DEBUG_INFORMATION_FORMAT = dwarf;
				ENABLE_STRICT_OBJC_MSGSEND = YES;
				ENABLE_TESTABILITY = YES;
				GCC_C_LANGUAGE_STANDARD = gnu11;
				GCC_DYNAMIC_NO_PIC = NO;
				GCC_NO_COMMON_BLOCKS = YES;
				GCC_OPTIMIZATION_LEVEL = 0;
				GCC_PREPROCESSOR_DEFINITIONS = (
					"DEBUG=1",
					"$(inherited)",
				);
				GCC_WARN_64_TO_32_BIT_CONVERSION = YES;
				GCC_WARN_ABOUT_RETURN_TYPE = YES_ERROR;
				GCC_WARN_UNDECLARED_SELECTOR = YES;
				GCC_WARN_UNINITIALIZED_AUTOS = YES_AGGRESSIVE;
				GCC_WARN_UNUSED_FUNCTION = YES;
				GCC_WARN_UNUSED_VARIABLE = YES;
				IPHONEOS_DEPLOYMENT_TARGET = 13.6;
				MTL_ENABLE_DEBUG_INFO = INCLUDE_SOURCE;
				MTL_FAST_MATH = YES;
				ONLY_ACTIVE_ARCH = YES;
				SDKROOT = iphoneos;
				SWIFT_ACTIVE_COMPILATION_CONDITIONS = DEBUG;
				SWIFT_OPTIMIZATION_LEVEL = "-Onone";
			};
			name = Debug;
		};
		2C71034A24CA748700F36009 /* Release */ = {
			isa = XCBuildConfiguration;
			buildSettings = {
				ALWAYS_SEARCH_USER_PATHS = NO;
				CLANG_ANALYZER_NONNULL = YES;
				CLANG_ANALYZER_NUMBER_OBJECT_CONVERSION = YES_AGGRESSIVE;
				CLANG_CXX_LANGUAGE_STANDARD = "gnu++14";
				CLANG_CXX_LIBRARY = "libc++";
				CLANG_ENABLE_MODULES = YES;
				CLANG_ENABLE_OBJC_ARC = YES;
				CLANG_ENABLE_OBJC_WEAK = YES;
				CLANG_WARN_BLOCK_CAPTURE_AUTORELEASING = YES;
				CLANG_WARN_BOOL_CONVERSION = YES;
				CLANG_WARN_COMMA = YES;
				CLANG_WARN_CONSTANT_CONVERSION = YES;
				CLANG_WARN_DEPRECATED_OBJC_IMPLEMENTATIONS = YES;
				CLANG_WARN_DIRECT_OBJC_ISA_USAGE = YES_ERROR;
				CLANG_WARN_DOCUMENTATION_COMMENTS = YES;
				CLANG_WARN_EMPTY_BODY = YES;
				CLANG_WARN_ENUM_CONVERSION = YES;
				CLANG_WARN_INFINITE_RECURSION = YES;
				CLANG_WARN_INT_CONVERSION = YES;
				CLANG_WARN_NON_LITERAL_NULL_CONVERSION = YES;
				CLANG_WARN_OBJC_IMPLICIT_RETAIN_SELF = YES;
				CLANG_WARN_OBJC_LITERAL_CONVERSION = YES;
				CLANG_WARN_OBJC_ROOT_CLASS = YES_ERROR;
				CLANG_WARN_RANGE_LOOP_ANALYSIS = YES;
				CLANG_WARN_STRICT_PROTOTYPES = YES;
				CLANG_WARN_SUSPICIOUS_MOVE = YES;
				CLANG_WARN_UNGUARDED_AVAILABILITY = YES_AGGRESSIVE;
				CLANG_WARN_UNREACHABLE_CODE = YES;
				CLANG_WARN__DUPLICATE_METHOD_MATCH = YES;
				COPY_PHASE_STRIP = NO;
				DEBUG_INFORMATION_FORMAT = "dwarf-with-dsym";
				ENABLE_NS_ASSERTIONS = NO;
				ENABLE_STRICT_OBJC_MSGSEND = YES;
				GCC_C_LANGUAGE_STANDARD = gnu11;
				GCC_NO_COMMON_BLOCKS = YES;
				GCC_WARN_64_TO_32_BIT_CONVERSION = YES;
				GCC_WARN_ABOUT_RETURN_TYPE = YES_ERROR;
				GCC_WARN_UNDECLARED_SELECTOR = YES;
				GCC_WARN_UNINITIALIZED_AUTOS = YES_AGGRESSIVE;
				GCC_WARN_UNUSED_FUNCTION = YES;
				GCC_WARN_UNUSED_VARIABLE = YES;
				IPHONEOS_DEPLOYMENT_TARGET = 13.6;
				MTL_ENABLE_DEBUG_INFO = NO;
				MTL_FAST_MATH = YES;
				SDKROOT = iphoneos;
				SWIFT_COMPILATION_MODE = wholemodule;
				SWIFT_OPTIMIZATION_LEVEL = "-O";
				VALIDATE_PRODUCT = YES;
			};
			name = Release;
		};
		2C71034C24CA748700F36009 /* Debug */ = {
			isa = XCBuildConfiguration;
			buildSettings = {
				ASSETCATALOG_COMPILER_APPICON_NAME = AppIcon;
				CODE_SIGN_STYLE = Automatic;
				DEVELOPMENT_ASSET_PATHS = "\"EmojiArt/Preview Content\"";
				DEVELOPMENT_TEAM = BXA8RWBK8H;
				ENABLE_PREVIEWS = YES;
				INFOPLIST_FILE = EmojiArt/Info.plist;
				LD_RUNPATH_SEARCH_PATHS = (
					"$(inherited)",
					"@executable_path/Frameworks",
				);
				PRODUCT_BUNDLE_IDENTIFIER = io.github.marcusadriano.EmojiArt;
				PRODUCT_NAME = "$(TARGET_NAME)";
				SWIFT_VERSION = 5.0;
				TARGETED_DEVICE_FAMILY = "1,2";
			};
			name = Debug;
		};
		2C71034D24CA748700F36009 /* Release */ = {
			isa = XCBuildConfiguration;
			buildSettings = {
				ASSETCATALOG_COMPILER_APPICON_NAME = AppIcon;
				CODE_SIGN_STYLE = Automatic;
				DEVELOPMENT_ASSET_PATHS = "\"EmojiArt/Preview Content\"";
				DEVELOPMENT_TEAM = BXA8RWBK8H;
				ENABLE_PREVIEWS = YES;
				INFOPLIST_FILE = EmojiArt/Info.plist;
				LD_RUNPATH_SEARCH_PATHS = (
					"$(inherited)",
					"@executable_path/Frameworks",
				);
				PRODUCT_BUNDLE_IDENTIFIER = io.github.marcusadriano.EmojiArt;
				PRODUCT_NAME = "$(TARGET_NAME)";
				SWIFT_VERSION = 5.0;
				TARGETED_DEVICE_FAMILY = "1,2";
			};
			name = Release;
		};
/* End XCBuildConfiguration section */

/* Begin XCConfigurationList section */
		2C71033224CA748200F36009 /* Build configuration list for PBXProject "EmojiArt" */ = {
			isa = XCConfigurationList;
			buildConfigurations = (
				2C71034924CA748700F36009 /* Debug */,
				2C71034A24CA748700F36009 /* Release */,
			);
			defaultConfigurationIsVisible = 0;
			defaultConfigurationName = Release;
		};
		2C71034B24CA748700F36009 /* Build configuration list for PBXNativeTarget "EmojiArt" */ = {
			isa = XCConfigurationList;
			buildConfigurations = (
				2C71034C24CA748700F36009 /* Debug */,
				2C71034D24CA748700F36009 /* Release */,
			);
			defaultConfigurationIsVisible = 0;
			defaultConfigurationName = Release;
		};
/* End XCConfigurationList section */
	};
	rootObject = 2C71032F24CA748200F36009 /* Project object */;
}
